
Microsoft Visual Studio Solution File, Format Version 12.00
# Visual Studio Version 16
VisualStudioVersion = 16.0.32802.440
MinimumVisualStudioVersion = 10.0.40219.1
Project("{9A19103F-16F7-4668-BE54-9A1E7A4F7556}") = "AppBVTA", "AppBVTA\AppBVTA.csproj", "{29718DBB-D2D6-4760-8231-5CC979989682}"
EndProject
Project("{9A19103F-16F7-4668-BE54-9A1E7A4F7556}") = "DataBVTA", "DataBVTA\DataBVTA.csproj", "{6B49F5D5-E6A4-457F-ABD4-03EB372490F8}"
EndProject
Global
	GlobalSection(SolutionConfigurationPlatforms) = preSolution
		Debug|Any CPU = Debug|Any CPU
		Release|Any CPU = Release|Any CPU
	EndGlobalSection
	GlobalSection(ProjectConfigurationPlatforms) = postSolution
		{29718DBB-D2D6-4760-8231-5CC979989682}.Debug|Any CPU.ActiveCfg = Debug|Any CPU
		{29718DBB-D2D6-4760-8231-5CC979989682}.Debug|Any CPU.Build.0 = Debug|Any CPU
		{29718DBB-D2D6-4760-8231-5CC979989682}.Release|Any CPU.ActiveCfg = Release|Any CPU
		{29718DBB-D2D6-4760-8231-5CC979989682}.Release|Any CPU.Build.0 = Release|Any CPU
		{6B49F5D5-E6A4-457F-ABD4-03EB372490F8}.Debug|Any CPU.ActiveCfg = Debug|Any CPU
		{6B49F5D5-E6A4-457F-ABD4-03EB372490F8}.Debug|Any CPU.Build.0 = Debug|Any CPU
		{6B49F5D5-E6A4-457F-ABD4-03EB372490F8}.Release|Any CPU.ActiveCfg = Release|Any CPU
		{6B49F5D5-E6A4-457F-ABD4-03EB372490F8}.Release|Any CPU.Build.0 = Release|Any CPU
	EndGlobalSection
	GlobalSection(SolutionProperties) = preSolution
		HideSolutionNode = FALSE
	EndGlobalSection
	GlobalSection(ExtensibilityGlobals) = postSolution
		SolutionGuid = {3480B64B-A6B0-4DFA-BE05-11D6D7918912}
	EndGlobalSection
EndGlobal
